
Microsoft Visual Studio Solution File, Format Version 12.00
# Visual Studio Version 17
VisualStudioVersion = 17.1.32407.343
MinimumVisualStudioVersion = 10.0.40219.1
Project("{FAE04EC0-301F-11D3-BF4B-00C04F79EFBC}") = "MvcGame", "MvcGame.csproj", "{ADC2EF9C-4524-4E6A-BE3D-E3CFB25FE15D}"
EndProject
Global
	GlobalSection(SolutionConfigurationPlatforms) = preSolution
		Debug|Any CPU = Debug|Any CPU
		Release|Any CPU = Release|Any CPU
	EndGlobalSection
	GlobalSection(ProjectConfigurationPlatforms) = postSolution
		{ADC2EF9C-4524-4E6A-BE3D-E3CFB25FE15D}.Debug|Any CPU.ActiveCfg = Debug|Any CPU
		{ADC2EF9C-4524-4E6A-BE3D-E3CFB25FE15D}.Debug|Any CPU.Build.0 = Debug|Any CPU
		{ADC2EF9C-4524-4E6A-BE3D-E3CFB25FE15D}.Release|Any CPU.ActiveCfg = Release|Any CPU
		{ADC2EF9C-4524-4E6A-BE3D-E3CFB25FE15D}.Release|Any CPU.Build.0 = Release|Any CPU
	EndGlobalSection
	GlobalSection(SolutionProperties) = preSolution
		HideSolutionNode = FALSE
	EndGlobalSection
	GlobalSection(ExtensibilityGlobals) = postSolution
		SolutionGuid = {2ADA28E0-A1BF-4AB8-8D94-895F2CCCE1A8}
	EndGlobalSection
EndGlobal
